// !$*UTF8*$!
{
	archiveVersion = 1;
	classes = {
	};
	objectVersion = 110;
	objects = {

/* Begin PBXBuildFile section */
		AA00000130110000005AE3B8 /* VersoDomain in Frameworks */ = {isa = PBXBuildFile; productRef = AA00001130110000005AE3B8 /* VersoDomain */; };
		AA00000230110000005AE3B8 /* VersoApplication in Frameworks */ = {isa = PBXBuildFile; productRef = AA00001230110000005AE3B8 /* VersoApplication */; };
		AA00000330110000005AE3B8 /* VersoPersistence in Frameworks */ = {isa = PBXBuildFile; productRef = AA00001330110000005AE3B8 /* VersoPersistence */; };
		AA00000430110000005AE3B8 /* VersoFileSystem in Frameworks */ = {isa = PBXBuildFile; productRef = AA00001430110000005AE3B8 /* VersoFileSystem */; };
		AA00000530110000005AE3B8 /* VersoObservability in Frameworks */ = {isa = PBXBuildFile; productRef = AA00001530110000005AE3B8 /* VersoObservability */; };
/* End PBXBuildFile section */

/* Begin PBXContainerItemProxy section */
		8998C1E530109CCB005AE3B8 /* PBXContainerItemProxy */ = {
			isa = PBXContainerItemProxy;
			containerPortal = 8998C1CF30109CC9005AE3B8 /* Project object */;
			proxyType = 1;
			remoteGlobalIDString = 8998C1D630109CC9005AE3B8;
			remoteInfo = Verso;
		};
		8998C1EF30109CCB005AE3B8 /* PBXContainerItemProxy */ = {
			isa = PBXContainerItemProxy;
			containerPortal = 8998C1CF30109CC9005AE3B8 /* Project object */;
			proxyType = 1;
			remoteGlobalIDString = 8998C1D630109CC9005AE3B8;
			remoteInfo = Verso;
		};
/* End PBXContainerItemProxy section */

/* Begin PBXFileReference section */
		8998C1D730109CC9005AE3B8 /* Verso.app */ = {isa = PBXFileReference; explicitFileType = wrapper.application; includeInIndex = 0; path = Verso.app; sourceTree = BUILT_PRODUCTS_DIR; };
		8998C1E430109CCB005AE3B8 /* VersoTests.xctest */ = {isa = PBXFileReference; explicitFileType = wrapper.cfbundle; includeInIndex = 0; path = VersoTests.xctest; sourceTree = BUILT_PRODUCTS_DIR; };
		8998C1EE30109CCB005AE3B8 /* VersoUITests.xctest */ = {isa = PBXFileReference; explicitFileType = wrapper.cfbundle; includeInIndex = 0; path = VersoUITests.xctest; sourceTree = BUILT_PRODUCTS_DIR; };
/* End PBXFileReference section */

/* Begin PBXFileSystemSynchronizedRootGroup section */
		8998C1D930109CC9005AE3B8 /* Verso */ = {
			isa = PBXFileSystemSynchronizedRootGroup;
			path = Verso;
			sourceTree = "<group>";
		};
		8998C1E730109CCB005AE3B8 /* VersoTests */ = {
			isa = PBXFileSystemSynchronizedRootGroup;
			path = VersoTests;
			sourceTree = "<group>";
		};
		8998C1F130109CCB005AE3B8 /* VersoUITests */ = {
			isa = PBXFileSystemSynchronizedRootGroup;
			path = VersoUITests;
			sourceTree = "<group>";
		};
/* End PBXFileSystemSynchronizedRootGroup section */

/* Begin PBXFrameworksBuildPhase section */
		8998C1D430109CC9005AE3B8 /* Frameworks */ = {
			isa = PBXFrameworksBuildPhase;
			files = (
				AA00000130110000005AE3B8 /* VersoDomain in Frameworks */,
				AA00000230110000005AE3B8 /* VersoApplication in Frameworks */,
				AA00000330110000005AE3B8 /* VersoPersistence in Frameworks */,
				AA00000430110000005AE3B8 /* VersoFileSystem in Frameworks */,
				AA00000530110000005AE3B8 /* VersoObservability in Frameworks */,
			);
		};
		8998C1E130109CCB005AE3B8 /* Frameworks */ = {
			isa = PBXFrameworksBuildPhase;
			files = (
			);
		};
		8998C1EB30109CCB005AE3B8 /* Frameworks */ = {
			isa = PBXFrameworksBuildPhase;
			files = (
			);
		};
/* End PBXFrameworksBuildPhase section */

/* Begin PBXGroup section */
		8998C1CE30109CC9005AE3B8 = {
			isa = PBXGroup;
			children = (
				8998C1D930109CC9005AE3B8 /* Verso */,
				8998C1E730109CCB005AE3B8 /* VersoTests */,
				8998C1F130109CCB005AE3B8 /* VersoUITests */,
				8998C1D830109CC9005AE3B8 /* Products */,
			);
			sourceTree = "<group>";
		};
		8998C1D830109CC9005AE3B8 /* Products */ = {
			isa = PBXGroup;
			children = (
				8998C1D730109CC9005AE3B8 /* Verso.app */,
				8998C1E430109CCB005AE3B8 /* VersoTests.xctest */,
				8998C1EE30109CCB005AE3B8 /* VersoUITests.xctest */,
			);
			name = Products;
			sourceTree = "<group>";
		};
/* End PBXGroup section */

/* Begin PBXNativeTarget section */
		8998C1D630109CC9005AE3B8 /* Verso */ = {
			isa = PBXNativeTarget;
			buildConfigurationList = 8998C1F630109CCB005AE3B8 /* Build configuration list for PBXNativeTarget "Verso" */;
			buildPhases = (
				8998C1D330109CC9005AE3B8 /* Sources */,
				8998C1D430109CC9005AE3B8 /* Frameworks */,
				8998C1D530109CC9005AE3B8 /* Resources */,
			);
			buildRules = (
			);
			fileSystemSynchronizedGroups = (
				8998C1D930109CC9005AE3B8 /* Verso */,
			);
			name = Verso;
			packageProductDependencies = (
				AA00001130110000005AE3B8 /* VersoDomain */,
				AA00001230110000005AE3B8 /* VersoApplication */,
				AA00001330110000005AE3B8 /* VersoPersistence */,
				AA00001430110000005AE3B8 /* VersoFileSystem */,
				AA00001530110000005AE3B8 /* VersoObservability */,
			);
			productName = Verso;
			productReference = 8998C1D730109CC9005AE3B8 /* Verso.app */;
			productType = "com.apple.product-type.application";
		};
		8998C1E330109CCB005AE3B8 /* VersoTests */ = {
			isa = PBXNativeTarget;
			buildConfigurationList = 8998C1F930109CCB005AE3B8 /* Build configuration list for PBXNativeTarget "VersoTests" */;
			buildPhases = (
				8998C1E030109CCB005AE3B8 /* Sources */,
				8998C1E130109CCB005AE3B8 /* Frameworks */,
				8998C1E230109CCB005AE3B8 /* Resources */,
			);
			buildRules = (
			);
			dependencies = (
				8998C1E630109CCB005AE3B8 /* PBXTargetDependency */,
			);
			fileSystemSynchronizedGroups = (
				8998C1E730109CCB005AE3B8 /* VersoTests */,
			);
			name = VersoTests;
			productName = VersoTests;
			productReference = 8998C1E430109CCB005AE3B8 /* VersoTests.xctest */;
			productType = "com.apple.product-type.bundle.unit-test";
		};
		8998C1ED30109CCB005AE3B8 /* VersoUITests */ = {
			isa = PBXNativeTarget;
			buildConfigurationList = 8998C1FC30109CCB005AE3B8 /* Build configuration list for PBXNativeTarget "VersoUITests" */;
			buildPhases = (
				8998C1EA30109CCB005AE3B8 /* Sources */,
				8998C1EB30109CCB005AE3B8 /* Frameworks */,
				8998C1EC30109CCB005AE3B8 /* Resources */,
			);
			buildRules = (
			);
			dependencies = (
				8998C1F030109CCB005AE3B8 /* PBXTargetDependency */,
			);
			fileSystemSynchronizedGroups = (
				8998C1F130109CCB005AE3B8 /* VersoUITests */,
			);
			name = VersoUITests;
			productName = VersoUITests;
			productReference = 8998C1EE30109CCB005AE3B8 /* VersoUITests.xctest */;
			productType = "com.apple.product-type.bundle.ui-testing";
		};
/* End PBXNativeTarget section */

/* Begin PBXProject section */
		8998C1CF30109CC9005AE3B8 /* Project object */ = {
			isa = PBXProject;
			attributes = {
				BuildIndependentTargetsInParallel = 1;
				LastSwiftUpdateCheck = 2700;
				LastUpgradeCheck = 2700;
				TargetAttributes = {
					8998C1D630109CC9005AE3B8 = {
						CreatedOnToolsVersion = 27.0;
					};
					8998C1E330109CCB005AE3B8 = {
						CreatedOnToolsVersion = 27.0;
						TestTargetID = 8998C1D630109CC9005AE3B8;
					};
					8998C1ED30109CCB005AE3B8 = {
						CreatedOnToolsVersion = 27.0;
						TestTargetID = 8998C1D630109CC9005AE3B8;
					};
				};
			};
			buildConfigurationList = 8998C1D230109CC9005AE3B8 /* Build configuration list for PBXProject "Verso" */;
			developmentRegion = en;
			hasScannedForEncodings = 0;
			knownRegions = (
				en,
				Base,
			);
			mainGroup = 8998C1CE30109CC9005AE3B8;
			minimizedProjectReferenceProxies = 1;
			packageReferences = (
				AA00002030110000005AE3B8 /* XCLocalSwiftPackageReference "Packages/VersoCore" */,
			);
			preferredProjectObjectVersion = 77;
			productRefGroup = 8998C1D830109CC9005AE3B8 /* Products */;
			projectDirPath = "";
			projectRoot = "";
			targets = (
				8998C1D630109CC9005AE3B8 /* Verso */,
				8998C1E330109CCB005AE3B8 /* VersoTests */,
				8998C1ED30109CCB005AE3B8 /* VersoUITests */,
			);
		};
/* End PBXProject section */

/* Begin PBXResourcesBuildPhase section */
		8998C1D530109CC9005AE3B8 /* Resources */ = {
			isa = PBXResourcesBuildPhase;
			files = (
			);
		};
		8998C1E230109CCB005AE3B8 /* Resources */ = {
			isa = PBXResourcesBuildPhase;
			files = (
			);
		};
		8998C1EC30109CCB005AE3B8 /* Resources */ = {
			isa = PBXResourcesBuildPhase;
			files = (
			);
		};
/* End PBXResourcesBuildPhase section */

/* Begin PBXSourcesBuildPhase section */
		8998C1D330109CC9005AE3B8 /* Sources */ = {
			isa = PBXSourcesBuildPhase;
			files = (
			);
		};
		8998C1E030109CCB005AE3B8 /* Sources */ = {
			isa = PBXSourcesBuildPhase;
			files = (
			);
		};
		8998C1EA30109CCB005AE3B8 /* Sources */ = {
			isa = PBXSourcesBuildPhase;
			files = (
			);
		};
/* End PBXSourcesBuildPhase section */

/* Begin PBXTargetDependency section */
		8998C1E630109CCB005AE3B8 /* PBXTargetDependency */ = {
			isa = PBXTargetDependency;
			target = 8998C1D630109CC9005AE3B8 /* Verso */;
			targetProxy = 8998C1E530109CCB005AE3B8 /* PBXContainerItemProxy */;
		};
		8998C1F030109CCB005AE3B8 /* PBXTargetDependency */ = {
			isa = PBXTargetDependency;
			target = 8998C1D630109CC9005AE3B8 /* Verso */;
			targetProxy = 8998C1EF30109CCB005AE3B8 /* PBXContainerItemProxy */;
		};
/* End PBXTargetDependency section */

/* Begin XCBuildConfiguration section */
		8998C1F430109CCB005AE3B8 /* Debug configuration for PBXProject "Verso" */ = {
			isa = XCBuildConfiguration;
			buildSettings = {
				ALWAYS_SEARCH_USER_PATHS = NO;
				ASSETCATALOG_COMPILER_GENERATE_SWIFT_ASSET_SYMBOL_EXTENSIONS = YES;
				CLANG_ANALYZER_NONNULL = YES;
				CLANG_ANALYZER_NUMBER_OBJECT_CONVERSION = YES_AGGRESSIVE;
				CLANG_CXX_LANGUAGE_STANDARD = "gnu++20";
				CLANG_ENABLE_MODULES = YES;
				CLANG_ENABLE_OBJC_ARC = YES;
				CLANG_ENABLE_OBJC_WEAK = YES;
				CLANG_WARN_BLOCK_CAPTURE_AUTORELEASING = YES;
				CLANG_WARN_BOOL_CONVERSION = YES;
				CLANG_WARN_COMMA = YES;
				CLANG_WARN_CONSTANT_CONVERSION = YES;
				CLANG_WARN_DEPRECATED_OBJC_IMPLEMENTATIONS = YES;
				CLANG_WARN_DIRECT_OBJC_ISA_USAGE = YES_ERROR;
				CLANG_WARN_DOCUMENTATION_COMMENTS = YES;
				CLANG_WARN_EMPTY_BODY = YES;
				CLANG_WARN_ENUM_CONVERSION = YES;
				CLANG_WARN_INFINITE_RECURSION = YES;
				CLANG_WARN_INT_CONVERSION = YES;
				CLANG_WARN_NON_LITERAL_NULL_CONVERSION = YES;
				CLANG_WARN_OBJC_IMPLICIT_RETAIN_SELF = YES;
				CLANG_WARN_OBJC_LITERAL_CONVERSION = YES;
				CLANG_WARN_OBJC_ROOT_CLASS = YES_ERROR;
				CLANG_WARN_QUOTED_INCLUDE_IN_FRAMEWORK_HEADER = YES;
				CLANG_WARN_RANGE_LOOP_ANALYSIS = YES;
				CLANG_WARN_STRICT_PROTOTYPES = YES;
				CLANG_WARN_SUSPICIOUS_MOVE = YES;
				CLANG_WARN_UNGUARDED_AVAILABILITY = YES_AGGRESSIVE;
				CLANG_WARN_UNREACHABLE_CODE = YES;
				CLANG_WARN__DUPLICATE_METHOD_MATCH = YES;
				COPY_PHASE_STRIP = NO;
				DEBUG_INFORMATION_FORMAT = dwarf;
				ENABLE_STRICT_OBJC_MSGSEND = YES;
				ENABLE_TESTABILITY = YES;
				ENABLE_USER_SCRIPT_SANDBOXING = YES;
				GCC_C_LANGUAGE_STANDARD = gnu17;
				GCC_DYNAMIC_NO_PIC = NO;
				GCC_NO_COMMON_BLOCKS = YES;
				GCC_OPTIMIZATION_LEVEL = 0;
				GCC_PREPROCESSOR_DEFINITIONS = (
					"DEBUG=1",
					"$(inherited)",
				);
				GCC_WARN_64_TO_32_BIT_CONVERSION = YES;
				GCC_WARN_ABOUT_RETURN_TYPE = YES_ERROR;
				GCC_WARN_UNDECLARED_SELECTOR = YES;
				GCC_WARN_UNINITIALIZED_AUTOS = YES_AGGRESSIVE;
				GCC_WARN_UNUSED_FUNCTION = YES;
				GCC_WARN_UNUSED_VARIABLE = YES;
				LOCALIZATION_PREFERS_STRING_CATALOGS = YES;
				MACOSX_DEPLOYMENT_TARGET = 15.0;
				MTL_ENABLE_DEBUG_INFO = INCLUDE_SOURCE;
				MTL_FAST_MATH = YES;
				ONLY_ACTIVE_ARCH = YES;
				SDKROOT = macosx;
				SWIFT_ACTIVE_COMPILATION_CONDITIONS = "DEBUG $(inherited)";
				SWIFT_OPTIMIZATION_LEVEL = "-Onone";
				SWIFT_STRICT_CONCURRENCY = complete;
			};
			name = Debug;
		};
		8998C1F530109CCB005AE3B8 /* Release configuration for PBXProject "Verso" */ = {
			isa = XCBuildConfiguration;
			buildSettings = {
				ALWAYS_SEARCH_USER_PATHS = NO;
				ASSETCATALOG_COMPILER_GENERATE_SWIFT_ASSET_SYMBOL_EXTENSIONS = YES;
				CLANG_ANALYZER_NONNULL = YES;
				CLANG_ANALYZER_NUMBER_OBJECT_CONVERSION = YES_AGGRESSIVE;
				CLANG_CXX_LANGUAGE_STANDARD = "gnu++20";
				CLANG_ENABLE_MODULES = YES;
				CLANG_ENABLE_OBJC_ARC = YES;
				CLANG_ENABLE_OBJC_WEAK = YES;
				CLANG_WARN_BLOCK_CAPTURE_AUTORELEASING = YES;
				CLANG_WARN_BOOL_CONVERSION = YES;
				CLANG_WARN_COMMA = YES;
				CLANG_WARN_CONSTANT_CONVERSION = YES;
				CLANG_WARN_DEPRECATED_OBJC_IMPLEMENTATIONS = YES;
				CLANG_WARN_DIRECT_OBJC_ISA_USAGE = YES_ERROR;
				CLANG_WARN_DOCUMENTATION_COMMENTS = YES;
				CLANG_WARN_EMPTY_BODY = YES;
				CLANG_WARN_ENUM_CONVERSION = YES;
				CLANG_WARN_INFINITE_RECURSION = YES;
				CLANG_WARN_INT_CONVERSION = YES;
				CLANG_WARN_NON_LITERAL_NULL_CONVERSION = YES;
				CLANG_WARN_OBJC_IMPLICIT_RETAIN_SELF = YES;
				CLANG_WARN_OBJC_LITERAL_CONVERSION = YES;
				CLANG_WARN_OBJC_ROOT_CLASS = YES_ERROR;
				CLANG_WARN_QUOTED_INCLUDE_IN_FRAMEWORK_HEADER = YES;
				CLANG_WARN_RANGE_LOOP_ANALYSIS = YES;
				CLANG_WARN_STRICT_PROTOTYPES = YES;
				CLANG_WARN_SUSPICIOUS_MOVE = YES;
				CLANG_WARN_UNGUARDED_AVAILABILITY = YES_AGGRESSIVE;
				CLANG_WARN_UNREACHABLE_CODE = YES;
				CLANG_WARN__DUPLICATE_METHOD_MATCH = YES;
				COPY_PHASE_STRIP = NO;
				DEBUG_INFORMATION_FORMAT = "dwarf-with-dsym";
				ENABLE_NS_ASSERTIONS = NO;
				ENABLE_STRICT_OBJC_MSGSEND = YES;
				ENABLE_USER_SCRIPT_SANDBOXING = YES;
				GCC_C_LANGUAGE_STANDARD = gnu17;
				GCC_NO_COMMON_BLOCKS = YES;
				GCC_WARN_64_TO_32_BIT_CONVERSION = YES;
				GCC_WARN_ABOUT_RETURN_TYPE = YES_ERROR;
				GCC_WARN_UNDECLARED_SELECTOR = YES;
				GCC_WARN_UNINITIALIZED_AUTOS = YES_AGGRESSIVE;
				GCC_WARN_UNUSED_FUNCTION = YES;
				GCC_WARN_UNUSED_VARIABLE = YES;
				LOCALIZATION_PREFERS_STRING_CATALOGS = YES;
				MACOSX_DEPLOYMENT_TARGET = 15.0;
				MTL_ENABLE_DEBUG_INFO = NO;
				MTL_FAST_MATH = YES;
				SDKROOT = macosx;
				SWIFT_COMPILATION_MODE = wholemodule;
				SWIFT_STRICT_CONCURRENCY = complete;
			};
			name = Release;
		};
		8998C1F730109CCB005AE3B8 /* Debug configuration for PBXNativeTarget "Verso" */ = {
			isa = XCBuildConfiguration;
			buildSettings = {
				ASSETCATALOG_COMPILER_APPICON_NAME = AppIcon;
				ASSETCATALOG_COMPILER_GLOBAL_ACCENT_COLOR_NAME = AccentColor;
				CODE_SIGN_ENTITLEMENTS = Verso/Verso.entitlements;
				CODE_SIGN_STYLE = Automatic;
				COMBINE_HIDPI_IMAGES = YES;
				CURRENT_PROJECT_VERSION = 1;
				ENABLE_APP_SANDBOX = YES;
				ENABLE_OUTGOING_NETWORK_CONNECTIONS = YES;
				ENABLE_PREVIEWS = YES;
				ENABLE_USER_SELECTED_FILES = readwrite;
				GENERATE_INFOPLIST_FILE = YES;
				INFOPLIST_KEY_NSHumanReadableCopyright = "";
				LD_RUNPATH_SEARCH_PATHS = (
					"$(inherited)",
					"@executable_path/../Frameworks",
				);
				MARKETING_VERSION = 1.0;
				PRODUCT_BUNDLE_IDENTIFIER = com.acmeruin.verso;
				PRODUCT_NAME = "$(TARGET_NAME)";
				STRING_CATALOG_GENERATE_SYMBOLS = YES;
				SWIFT_APPROACHABLE_CONCURRENCY = YES;
				SWIFT_DEFAULT_ACTOR_ISOLATION = MainActor;
				SWIFT_EMIT_LOC_STRINGS = YES;
				SWIFT_UPCOMING_FEATURE_MEMBER_IMPORT_VISIBILITY = YES;
				SWIFT_VERSION = 6.0;
			};
			name = Debug;
		};
		8998C1F830109CCB005AE3B8 /* Release configuration for PBXNativeTarget "Verso" */ = {
			isa = XCBuildConfiguration;
			buildSettings = {
				ASSETCATALOG_COMPILER_APPICON_NAME = AppIcon;
				ASSETCATALOG_COMPILER_GLOBAL_ACCENT_COLOR_NAME = AccentColor;
				CODE_SIGN_ENTITLEMENTS = Verso/Verso.entitlements;
				CODE_SIGN_STYLE = Automatic;
				COMBINE_HIDPI_IMAGES = YES;
				CURRENT_PROJECT_VERSION = 1;
				ENABLE_APP_SANDBOX = YES;
				ENABLE_OUTGOING_NETWORK_CONNECTIONS = YES;
				ENABLE_PREVIEWS = YES;
				ENABLE_USER_SELECTED_FILES = readwrite;
				GENERATE_INFOPLIST_FILE = YES;
				INFOPLIST_KEY_NSHumanReadableCopyright = "";
				LD_RUNPATH_SEARCH_PATHS = (
					"$(inherited)",
					"@executable_path/../Frameworks",
				);
				MARKETING_VERSION = 1.0;
				PRODUCT_BUNDLE_IDENTIFIER = com.acmeruin.verso;
				PRODUCT_NAME = "$(TARGET_NAME)";
				STRING_CATALOG_GENERATE_SYMBOLS = YES;
				SWIFT_APPROACHABLE_CONCURRENCY = YES;
				SWIFT_DEFAULT_ACTOR_ISOLATION = MainActor;
				SWIFT_EMIT_LOC_STRINGS = YES;
				SWIFT_UPCOMING_FEATURE_MEMBER_IMPORT_VISIBILITY = YES;
				SWIFT_VERSION = 6.0;
			};
			name = Release;
		};
		8998C1FA30109CCB005AE3B8 /* Debug configuration for PBXNativeTarget "VersoTests" */ = {
			isa = XCBuildConfiguration;
			buildSettings = {
				BUNDLE_LOADER = "$(TEST_HOST)";
				CODE_SIGN_STYLE = Automatic;
				CURRENT_PROJECT_VERSION = 1;
				GENERATE_INFOPLIST_FILE = YES;
				MACOSX_DEPLOYMENT_TARGET = 15.0;
				MARKETING_VERSION = 1.0;
				PRODUCT_BUNDLE_IDENTIFIER = com.acmeruin.verso.tests;
				PRODUCT_NAME = "$(TARGET_NAME)";
				STRING_CATALOG_GENERATE_SYMBOLS = NO;
				SWIFT_APPROACHABLE_CONCURRENCY = YES;
				SWIFT_EMIT_LOC_STRINGS = NO;
				SWIFT_UPCOMING_FEATURE_MEMBER_IMPORT_VISIBILITY = YES;
				SWIFT_VERSION = 6.0;
				TEST_HOST = "$(BUILT_PRODUCTS_DIR)/Verso.app/$(BUNDLE_EXECUTABLE_FOLDER_PATH)/Verso";
			};
			name = Debug;
		};
		8998C1FB30109CCB005AE3B8 /* Release configuration for PBXNativeTarget "VersoTests" */ = {
			isa = XCBuildConfiguration;
			buildSettings = {
				BUNDLE_LOADER = "$(TEST_HOST)";
				CODE_SIGN_STYLE = Automatic;
				CURRENT_PROJECT_VERSION = 1;
				GENERATE_INFOPLIST_FILE = YES;
				MACOSX_DEPLOYMENT_TARGET = 15.0;
				MARKETING_VERSION = 1.0;
				PRODUCT_BUNDLE_IDENTIFIER = com.acmeruin.verso.tests;
				PRODUCT_NAME = "$(TARGET_NAME)";
				STRING_CATALOG_GENERATE_SYMBOLS = NO;
				SWIFT_APPROACHABLE_CONCURRENCY = YES;
				SWIFT_EMIT_LOC_STRINGS = NO;
				SWIFT_UPCOMING_FEATURE_MEMBER_IMPORT_VISIBILITY = YES;
				SWIFT_VERSION = 6.0;
				TEST_HOST = "$(BUILT_PRODUCTS_DIR)/Verso.app/$(BUNDLE_EXECUTABLE_FOLDER_PATH)/Verso";
			};
			name = Release;
		};
		8998C1FD30109CCB005AE3B8 /* Debug configuration for PBXNativeTarget "VersoUITests" */ = {
			isa = XCBuildConfiguration;
			buildSettings = {
				CODE_SIGN_STYLE = Automatic;
				CURRENT_PROJECT_VERSION = 1;
				GENERATE_INFOPLIST_FILE = YES;
				MARKETING_VERSION = 1.0;
				PRODUCT_BUNDLE_IDENTIFIER = "com.acmeruin.verso.ui-tests";
				PRODUCT_NAME = "$(TARGET_NAME)";
				STRING_CATALOG_GENERATE_SYMBOLS = NO;
				SWIFT_APPROACHABLE_CONCURRENCY = YES;
				SWIFT_EMIT_LOC_STRINGS = NO;
				SWIFT_UPCOMING_FEATURE_MEMBER_IMPORT_VISIBILITY = YES;
				SWIFT_VERSION = 6.0;
				TEST_TARGET_NAME = Verso;
			};
			name = Debug;
		};
		8998C1FE30109CCB005AE3B8 /* Release configuration for PBXNativeTarget "VersoUITests" */ = {
			isa = XCBuildConfiguration;
			buildSettings = {
				CODE_SIGN_STYLE = Automatic;
				CURRENT_PROJECT_VERSION = 1;
				GENERATE_INFOPLIST_FILE = YES;
				MARKETING_VERSION = 1.0;
				PRODUCT_BUNDLE_IDENTIFIER = "com.acmeruin.verso.ui-tests";
				PRODUCT_NAME = "$(TARGET_NAME)";
				STRING_CATALOG_GENERATE_SYMBOLS = NO;
				SWIFT_APPROACHABLE_CONCURRENCY = YES;
				SWIFT_EMIT_LOC_STRINGS = NO;
				SWIFT_UPCOMING_FEATURE_MEMBER_IMPORT_VISIBILITY = YES;
				SWIFT_VERSION = 6.0;
				TEST_TARGET_NAME = Verso;
			};
			name = Release;
		};
/* End XCBuildConfiguration section */

/* Begin XCConfigurationList section */
		8998C1D230109CC9005AE3B8 /* Build configuration list for PBXProject "Verso" */ = {
			isa = XCConfigurationList;
			buildConfigurations = (
				8998C1F430109CCB005AE3B8 /* Debug configuration for PBXProject "Verso" */,
				8998C1F530109CCB005AE3B8 /* Release configuration for PBXProject "Verso" */,
			);
			defaultConfigurationName = Release;
		};
		8998C1F630109CCB005AE3B8 /* Build configuration list for PBXNativeTarget "Verso" */ = {
			isa = XCConfigurationList;
			buildConfigurations = (
				8998C1F730109CCB005AE3B8 /* Debug configuration for PBXNativeTarget "Verso" */,
				8998C1F830109CCB005AE3B8 /* Release configuration for PBXNativeTarget "Verso" */,
			);
			defaultConfigurationName = Release;
		};
		8998C1F930109CCB005AE3B8 /* Build configuration list for PBXNativeTarget "VersoTests" */ = {
			isa = XCConfigurationList;
			buildConfigurations = (
				8998C1FA30109CCB005AE3B8 /* Debug configuration for PBXNativeTarget "VersoTests" */,
				8998C1FB30109CCB005AE3B8 /* Release configuration for PBXNativeTarget "VersoTests" */,
			);
			defaultConfigurationName = Release;
		};
		8998C1FC30109CCB005AE3B8 /* Build configuration list for PBXNativeTarget "VersoUITests" */ = {
			isa = XCConfigurationList;
			buildConfigurations = (
				8998C1FD30109CCB005AE3B8 /* Debug configuration for PBXNativeTarget "VersoUITests" */,
				8998C1FE30109CCB005AE3B8 /* Release configuration for PBXNativeTarget "VersoUITests" */,
			);
			defaultConfigurationName = Release;
		};
/* End XCConfigurationList section */

/* Begin XCLocalSwiftPackageReference section */
		AA00002030110000005AE3B8 /* XCLocalSwiftPackageReference "Packages/VersoCore" */ = {
			isa = XCLocalSwiftPackageReference;
			relativePath = Packages/VersoCore;
		};
/* End XCLocalSwiftPackageReference section */

/* Begin XCSwiftPackageProductDependency section */
		AA00001130110000005AE3B8 /* VersoDomain */ = {
			isa = XCSwiftPackageProductDependency;
			package = AA00002030110000005AE3B8 /* XCLocalSwiftPackageReference "Packages/VersoCore" */;
			productName = VersoDomain;
		};
		AA00001230110000005AE3B8 /* VersoApplication */ = {
			isa = XCSwiftPackageProductDependency;
			package = AA00002030110000005AE3B8 /* XCLocalSwiftPackageReference "Packages/VersoCore" */;
			productName = VersoApplication;
		};
		AA00001330110000005AE3B8 /* VersoPersistence */ = {
			isa = XCSwiftPackageProductDependency;
			package = AA00002030110000005AE3B8 /* XCLocalSwiftPackageReference "Packages/VersoCore" */;
			productName = VersoPersistence;
		};
		AA00001430110000005AE3B8 /* VersoFileSystem */ = {
			isa = XCSwiftPackageProductDependency;
			package = AA00002030110000005AE3B8 /* XCLocalSwiftPackageReference "Packages/VersoCore" */;
			productName = VersoFileSystem;
		};
		AA00001530110000005AE3B8 /* VersoObservability */ = {
			isa = XCSwiftPackageProductDependency;
			package = AA00002030110000005AE3B8 /* XCLocalSwiftPackageReference "Packages/VersoCore" */;
			productName = VersoObservability;
		};
/* End XCSwiftPackageProductDependency section */
	};
	rootObject = 8998C1CF30109CC9005AE3B8 /* Project object */;
	validationLevel = 1;
}
